
Microsoft Visual Studio Solution File, Format Version 12.00
# Visual Studio Version 17
VisualStudioVersion = 17.14.36623.8
MinimumVisualStudioVersion = 10.0.40219.1
Project("{FAE04EC0-301F-11D3-BF4B-00C04F79EFBC}") = "Mission Service", "Mission Service\Mission Service.csproj", "{BC204BAA-F85F-4B75-8654-1146AFD2EA8F}"
EndProject
Project("{FAE04EC0-301F-11D3-BF4B-00C04F79EFBC}") = "Core", "..\Core\Core\Core.csproj", "{EDE06914-77BD-E57D-0A4F-E60AC937F1A5}"
EndProject
Project("{FAE04EC0-301F-11D3-BF4B-00C04F79EFBC}") = "Mission.Service.Benchmarks", "Mission.Service.Benchmarks\Mission.Service.Benchmarks.csproj", "{75415387-A090-4856-A1F9-3FB969BF6E04}"
EndProject
Global
	GlobalSection(SolutionConfigurationPlatforms) = preSolution
		Debug|Any CPU = Debug|Any CPU
		Debug|x64 = Debug|x64
		Debug|x86 = Debug|x86
		Release|Any CPU = Release|Any CPU
		Release|x64 = Release|x64
		Release|x86 = Release|x86
	EndGlobalSection
	GlobalSection(ProjectConfigurationPlatforms) = postSolution
		{BC204BAA-F85F-4B75-8654-1146AFD2EA8F}.Debug|Any CPU.ActiveCfg = Debug|Any CPU
		{BC204BAA-F85F-4B75-8654-1146AFD2EA8F}.Debug|Any CPU.Build.0 = Debug|Any CPU
		{BC204BAA-F85F-4B75-8654-1146AFD2EA8F}.Debug|x64.ActiveCfg = Debug|Any CPU
		{BC204BAA-F85F-4B75-8654-1146AFD2EA8F}.Debug|x64.Build.0 = Debug|Any CPU
		{BC204BAA-F85F-4B75-8654-1146AFD2EA8F}.Debug|x86.ActiveCfg = Debug|Any CPU
		{BC204BAA-F85F-4B75-8654-1146AFD2EA8F}.Debug|x86.Build.0 = Debug|Any CPU
		{BC204BAA-F85F-4B75-8654-1146AFD2EA8F}.Release|Any CPU.ActiveCfg = Release|Any CPU
		{BC204BAA-F85F-4B75-8654-1146AFD2EA8F}.Release|Any CPU.Build.0 = Release|Any CPU
		{BC204BAA-F85F-4B75-8654-1146AFD2EA8F}.Release|x64.ActiveCfg = Release|Any CPU
		{BC204BAA-F85F-4B75-8654-1146AFD2EA8F}.Release|x64.Build.0 = Release|Any CPU
		{BC204BAA-F85F-4B75-8654-1146AFD2EA8F}.Release|x86.ActiveCfg = Release|Any CPU
		{BC204BAA-F85F-4B75-8654-1146AFD2EA8F}.Release|x86.Build.0 = Release|Any CPU
		{EDE06914-77BD-E57D-0A4F-E60AC937F1A5}.Debug|Any CPU.ActiveCfg = Debug|Any CPU
		{EDE06914-77BD-E57D-0A4F-E60AC937F1A5}.Debug|Any CPU.Build.0 = Debug|Any CPU
		{EDE06914-77BD-E57D-0A4F-E60AC937F1A5}.Debug|x64.ActiveCfg = Debug|Any CPU
		{EDE06914-77BD-E57D-0A4F-E60AC937F1A5}.Debug|x64.Build.0 = Debug|Any CPU
		{EDE06914-77BD-E57D-0A4F-E60AC937F1A5}.Debug|x86.ActiveCfg = Debug|Any CPU
		{EDE06914-77BD-E57D-0A4F-E60AC937F1A5}.Debug|x86.Build.0 = Debug|Any CPU
		{EDE06914-77BD-E57D-0A4F-E60AC937F1A5}.Release|Any CPU.ActiveCfg = Release|Any CPU
		{EDE06914-77BD-E57D-0A4F-E60AC937F1A5}.Release|Any CPU.Build.0 = Release|Any CPU
		{EDE06914-77BD-E57D-0A4F-E60AC937F1A5}.Release|x64.ActiveCfg = Release|Any CPU
		{EDE06914-77BD-E57D-0A4F-E60AC937F1A5}.Release|x64.Build.0 = Release|Any CPU
		{EDE06914-77BD-E57D-0A4F-E60AC937F1A5}.Release|x86.ActiveCfg = Release|Any CPU
		{EDE06914-77BD-E57D-0A4F-E60AC937F1A5}.Release|x86.Build.0 = Release|Any CPU
		{75415387-A090-4856-A1F9-3FB969BF6E04}.Debug|Any CPU.ActiveCfg = Debug|Any CPU
		{75415387-A090-4856-A1F9-3FB969BF6E04}.Debug|Any CPU.Build.0 = Debug|Any CPU
		{75415387-A090-4856-A1F9-3FB969BF6E04}.Debug|x64.ActiveCfg = Debug|Any CPU
		{75415387-A090-4856-A1F9-3FB969BF6E04}.Debug|x64.Build.0 = Debug|Any CPU
		{75415387-A090-4856-A1F9-3FB969BF6E04}.Debug|x86.ActiveCfg = Debug|Any CPU
		{75415387-A090-4856-A1F9-3FB969BF6E04}.Debug|x86.Build.0 = Debug|Any CPU
		{75415387-A090-4856-A1F9-3FB969BF6E04}.Release|Any CPU.ActiveCfg = Release|Any CPU
		{75415387-A090-4856-A1F9-3FB969BF6E04}.Release|Any CPU.Build.0 = Release|Any CPU
		{75415387-A090-4856-A1F9-3FB969BF6E04}.Release|x64.ActiveCfg = Release|Any CPU
		{75415387-A090-4856-A1F9-3FB969BF6E04}.Release|x64.Build.0 = Release|Any CPU
		{75415387-A090-4856-A1F9-3FB969BF6E04}.Release|x86.ActiveCfg = Release|Any CPU
		{75415387-A090-4856-A1F9-3FB969BF6E04}.Release|x86.Build.0 = Release|Any CPU
	EndGlobalSection
	GlobalSection(SolutionProperties) = preSolution
		HideSolutionNode = FALSE
	EndGlobalSection
	GlobalSection(ExtensibilityGlobals) = postSolution
		SolutionGuid = {F9A8B4F5-1780-452B-BAE2-1CD620BB8C9F}
	EndGlobalSection
EndGlobal
